
Microsoft Visual Studio Solution File, Format Version 12.00
# Visual Studio Version 16
VisualStudioVersion = 16.0.29613.14
MinimumVisualStudioVersion = 10.0.40219.1
Project("{9A19103F-16F7-4668-BE54-9A1E7A4F7556}") = "WebAppli", "WebAppli\WebAppli.csproj", "{8338DF1D-B847-4C82-A0B8-5AA52C8B338F}"
EndProject
Project("{2150E333-8FDC-42A3-9474-1A3956D46DE8}") = "Back", "Back", "{14942D9F-A97B-4B2F-93FF-4B81F50A2902}"
EndProject
Project("{2150E333-8FDC-42A3-9474-1A3956D46DE8}") = "Front", "Front", "{FFC802F3-8C44-419A-9180-866F5B34B05F}"
EndProject
Project("{9A19103F-16F7-4668-BE54-9A1E7A4F7556}") = "GestionMagasin", "GestionMagasin\GestionMagasin.csproj", "{F62A96E8-8634-4DB9-8D48-FF004600DE97}"
EndProject
Project("{9A19103F-16F7-4668-BE54-9A1E7A4F7556}") = "GestionMagasinTest", "GestionMagasinTest\GestionMagasinTest.csproj", "{4181F98F-CE9C-447B-9F4C-A8379586FDF3}"
EndProject
Project("{FAE04EC0-301F-11D3-BF4B-00C04F79EFBC}") = "WebAppliRazor", "WebAppliRazor\WebAppliRazor.csproj", "{4CC61415-0B86-4BD9-A5BD-AC463EA08BFD}"
EndProject
Global
	GlobalSection(SolutionConfigurationPlatforms) = preSolution
		Debug|Any CPU = Debug|Any CPU
		Release|Any CPU = Release|Any CPU
	EndGlobalSection
	GlobalSection(ProjectConfigurationPlatforms) = postSolution
		{8338DF1D-B847-4C82-A0B8-5AA52C8B338F}.Debug|Any CPU.ActiveCfg = Debug|Any CPU
		{8338DF1D-B847-4C82-A0B8-5AA52C8B338F}.Debug|Any CPU.Build.0 = Debug|Any CPU
		{8338DF1D-B847-4C82-A0B8-5AA52C8B338F}.Release|Any CPU.ActiveCfg = Release|Any CPU
		{8338DF1D-B847-4C82-A0B8-5AA52C8B338F}.Release|Any CPU.Build.0 = Release|Any CPU
		{F62A96E8-8634-4DB9-8D48-FF004600DE97}.Debug|Any CPU.ActiveCfg = Debug|Any CPU
		{F62A96E8-8634-4DB9-8D48-FF004600DE97}.Debug|Any CPU.Build.0 = Debug|Any CPU
		{F62A96E8-8634-4DB9-8D48-FF004600DE97}.Release|Any CPU.ActiveCfg = Release|Any CPU
		{F62A96E8-8634-4DB9-8D48-FF004600DE97}.Release|Any CPU.Build.0 = Release|Any CPU
		{4181F98F-CE9C-447B-9F4C-A8379586FDF3}.Debug|Any CPU.ActiveCfg = Debug|Any CPU
		{4181F98F-CE9C-447B-9F4C-A8379586FDF3}.Debug|Any CPU.Build.0 = Debug|Any CPU
		{4181F98F-CE9C-447B-9F4C-A8379586FDF3}.Release|Any CPU.ActiveCfg = Release|Any CPU
		{4181F98F-CE9C-447B-9F4C-A8379586FDF3}.Release|Any CPU.Build.0 = Release|Any CPU
		{4CC61415-0B86-4BD9-A5BD-AC463EA08BFD}.Debug|Any CPU.ActiveCfg = Debug|Any CPU
		{4CC61415-0B86-4BD9-A5BD-AC463EA08BFD}.Debug|Any CPU.Build.0 = Debug|Any CPU
		{4CC61415-0B86-4BD9-A5BD-AC463EA08BFD}.Release|Any CPU.ActiveCfg = Release|Any CPU
		{4CC61415-0B86-4BD9-A5BD-AC463EA08BFD}.Release|Any CPU.Build.0 = Release|Any CPU
	EndGlobalSection
	GlobalSection(SolutionProperties) = preSolution
		HideSolutionNode = FALSE
	EndGlobalSection
	GlobalSection(NestedProjects) = preSolution
		{8338DF1D-B847-4C82-A0B8-5AA52C8B338F} = {FFC802F3-8C44-419A-9180-866F5B34B05F}
		{F62A96E8-8634-4DB9-8D48-FF004600DE97} = {14942D9F-A97B-4B2F-93FF-4B81F50A2902}
		{4181F98F-CE9C-447B-9F4C-A8379586FDF3} = {14942D9F-A97B-4B2F-93FF-4B81F50A2902}
		{4CC61415-0B86-4BD9-A5BD-AC463EA08BFD} = {FFC802F3-8C44-419A-9180-866F5B34B05F}
	EndGlobalSection
	GlobalSection(ExtensibilityGlobals) = postSolution
		SolutionGuid = {5A0410E4-AD2E-47BE-9DF4-04A3129A85A5}
	EndGlobalSection
EndGlobal
