
Microsoft Visual Studio Solution File, Format Version 12.00
# Visual Studio Version 16
VisualStudioVersion = 16.0.29613.14
MinimumVisualStudioVersion = 10.0.40219.1
Project("{9A19103F-16F7-4668-BE54-9A1E7A4F7556}") = "tpIndividuel", "tpIndividuel\tpIndividuel.csproj", "{B7B8FE52-825D-4B18-B2A4-067EB7F4B9C3}"
EndProject
Project("{FAE04EC0-301F-11D3-BF4B-00C04F79EFBC}") = "TestingProject", "TestingProject\TestingProject.csproj", "{82BC3B58-2A5A-499D-8946-8E33D3751E2D}"
EndProject
Global
	GlobalSection(SolutionConfigurationPlatforms) = preSolution
		Debug|Any CPU = Debug|Any CPU
		Release|Any CPU = Release|Any CPU
	EndGlobalSection
	GlobalSection(ProjectConfigurationPlatforms) = postSolution
		{B7B8FE52-825D-4B18-B2A4-067EB7F4B9C3}.Debug|Any CPU.ActiveCfg = Debug|Any CPU
		{B7B8FE52-825D-4B18-B2A4-067EB7F4B9C3}.Debug|Any CPU.Build.0 = Debug|Any CPU
		{B7B8FE52-825D-4B18-B2A4-067EB7F4B9C3}.Release|Any CPU.ActiveCfg = Release|Any CPU
		{B7B8FE52-825D-4B18-B2A4-067EB7F4B9C3}.Release|Any CPU.Build.0 = Release|Any CPU
		{82BC3B58-2A5A-499D-8946-8E33D3751E2D}.Debug|Any CPU.ActiveCfg = Debug|Any CPU
		{82BC3B58-2A5A-499D-8946-8E33D3751E2D}.Debug|Any CPU.Build.0 = Debug|Any CPU
		{82BC3B58-2A5A-499D-8946-8E33D3751E2D}.Release|Any CPU.ActiveCfg = Release|Any CPU
		{82BC3B58-2A5A-499D-8946-8E33D3751E2D}.Release|Any CPU.Build.0 = Release|Any CPU
	EndGlobalSection
	GlobalSection(SolutionProperties) = preSolution
		HideSolutionNode = FALSE
	EndGlobalSection
	GlobalSection(ExtensibilityGlobals) = postSolution
		SolutionGuid = {5A0410E4-AD2E-47BE-9DF4-04A3129A85A5}
	EndGlobalSection
EndGlobal
